# THIS IS AN AUTOGENERATED FILE. DO NOT EDIT THIS FILE DIRECTLY.
# yarn lockfile v1


react-hook-form@^7.52.0:
  version "7.52.0"
  resolved "https://registry.yarnpkg.com/react-hook-form/-/react-hook-form-7.52.0.tgz#e52b33043e283719586b9dd80f6d51b68dd3999c"
  integrity sha512-mJX506Xc6mirzLsmXUJyqlAI3Kj9Ph2RhplYhUVffeOQSnubK2uVqBFOBJmvKikvbFV91pxVXmDiR+QMF19x6A==
